<?xml version="1.0" encoding="utf-8"?>
<Project ToolsVersion="4.0" xmlns="http://schemas.microsoft.com/developer/msbuild/2003">
  <ItemGroup>
    <Filter Include="ad_hoc">
      <UniqueIdentifier>{ababf6cb-7349-42aa-96e6-cbaf90f34381}</UniqueIdentifier>
    </Filter>
    <Filter Include="Graph">
      <UniqueIdentifier>{1cce762b-a4fa-4ff9-9b0e-80755e7ef40f}</UniqueIdentifier>
    </Filter>
    <Filter Include="Graph\flood_fill">
      <UniqueIdentifier>{39089da9-c6f0-48c4-97af-02025e30d202}</UniqueIdentifier>
    </Filter>
  </ItemGroup>
  <ItemGroup>
    <ClCompile Include="..\src\ad_hoc\ad_hoc_01_uva_100_The_3n_Problem.cpp">
      <Filter>ad_hoc</Filter>
    </ClCompile>
    <ClCompile Include="..\src\ad_hoc\ad_hoc_02_uva_272_TeX_Quotes.cpp">
      <Filter>ad_hoc</Filter>
    </ClCompile>
    <ClCompile Include="..\src\ad_hoc\ad_hoc_03_uva_483_Word_Scramble.cpp">
      <Filter>ad_hoc</Filter>
    </ClCompile>
    <ClCompile Include="..\src\ad_hoc\ad_hoc_04_uva_573_The_Snail.cpp">
      <Filter>ad_hoc</Filter>
    </ClCompile>
    <ClCompile Include="..\src\ad_hoc\ad_hoc_05_uva_661_Blowing_Fuses.cpp">
      <Filter>ad_hoc</Filter>
    </ClCompile>
    <ClCompile Include="..\src\ad_hoc\ad_hoc_06_uva_837_Light_and_Transparencies.cpp">
      <Filter>ad_hoc</Filter>
    </ClCompile>
    <ClCompile Include="..\src\ad_hoc\ad_hoc_07_uva_10082_WERTYU.cpp">
      <Filter>ad_hoc</Filter>
    </ClCompile>
    <ClCompile Include="..\src\ad_hoc\ad_hoc_08_uva_10141_Request_for_Proposal.cpp">
      <Filter>ad_hoc</Filter>
    </ClCompile>
    <ClCompile Include="..\src\ad_hoc\ad_hoc_09_uva_10281_Average_Speed.cpp">
      <Filter>ad_hoc</Filter>
    </ClCompile>
    <ClCompile Include="..\src\Graph\graph_01_basic.cpp">
      <Filter>Graph</Filter>
    </ClCompile>
    <ClCompile Include="..\src\Graph\flood_fill\flood_fill_01_uva_260_Gioco_dell.cpp">
      <Filter>Graph\flood_fill</Filter>
    </ClCompile>
  </ItemGroup>
  <ItemGroup>
    <ClInclude Include="..\CommonHeader.h" />
    <ClInclude Include="resource.h" />
  </ItemGroup>
  <ItemGroup>
    <ResourceCompile Include="Algorithm.rc" />
  </ItemGroup>
</Project>